{
	"name": "StageLinqJS",
	"version": "2.0.0-Beta",
	"lockfileVersion": 3,
	"requires": true,
	"packages": {
		"": {
			"name": "StageLinqJS",
			"version": "2.0.0-Beta",
			"license": "GNU GPLv3",
			"dependencies": {
				"@types/uuid": "^9.0.1",
				"console-stamp": "^3.0.3",
				"ip": "^1.1.5",
				"minimist": "^1.2.5",
				"osc": "^2.4.5"
			},
			"bin": {
				"stagelinq-cli": "dist/cli/index.js"
			},
			"devDependencies": {
				"@types/assert": "^1.5.5",
				"@types/ip": "^1.1.0",
				"@types/node": "^18.15.11",
				"prettier": "^2.5.1",
				"typedoc": "^0.23.28",
				"typescript": "^5.0.3"
			}
		},
		"node_modules/@serialport/binding-mock": {
			"version": "10.2.2",
			"resolved": "https://registry.npmjs.org/@serialport/binding-mock/-/binding-mock-10.2.2.tgz",
			"integrity": "sha512-HAFzGhk9OuFMpuor7aT5G1ChPgn5qSsklTFOTUX72Rl6p0xwcSVsRtG/xaGp6bxpN7fI9D/S8THLBWbBgS6ldw==",
			"license": "MIT",
			"optional": true,
			"dependencies": {
				"@serialport/bindings-interface": "^1.2.1",
				"debug": "^4.3.3"
			},
			"engines": {
				"node": ">=12.0.0"
			}
		},
		"node_modules/@serialport/bindings-cpp": {
			"version": "12.0.1",
			"resolved": "https://registry.npmjs.org/@serialport/bindings-cpp/-/bindings-cpp-12.0.1.tgz",
			"integrity": "sha512-r2XOwY2dDvbW7dKqSPIk2gzsr6M6Qpe9+/Ngs94fNaNlcTRCV02PfaoDmRgcubpNVVcLATlxSxPTIDw12dbKOg==",
			"hasInstallScript": true,
			"license": "MIT",
			"optional": true,
			"dependencies": {
				"@serialport/bindings-interface": "1.2.2",
				"@serialport/parser-readline": "11.0.0",
				"debug": "4.3.4",
				"node-addon-api": "7.0.0",
				"node-gyp-build": "4.6.0"
			},
			"engines": {
				"node": ">=16.0.0"
			},
			"funding": {
				"url": "https://opencollective.com/serialport/donate"
			}
		},
		"node_modules/@serialport/bindings-cpp/node_modules/@serialport/parser-delimiter": {
			"version": "11.0.0",
			"resolved": "https://registry.npmjs.org/@serialport/parser-delimiter/-/parser-delimiter-11.0.0.tgz",
			"integrity": "sha512-aZLJhlRTjSmEwllLG7S4J8s8ctRAS0cbvCpO87smLvl3e4BgzbVgF6Z6zaJd3Aji2uSiYgfedCdNc4L6W+1E2g==",
			"license": "MIT",
			"optional": true,
			"engines": {
				"node": ">=12.0.0"
			},
			"funding": {
				"url": "https://opencollective.com/serialport/donate"
			}
		},
		"node_modules/@serialport/bindings-cpp/node_modules/@serialport/parser-readline": {
			"version": "11.0.0",
			"resolved": "https://registry.npmjs.org/@serialport/parser-readline/-/parser-readline-11.0.0.tgz",
			"integrity": "sha512-rRAivhRkT3YO28WjmmG4FQX6L+KMb5/ikhyylRfzWPw0nSXy97+u07peS9CbHqaNvJkMhH1locp2H36aGMOEIA==",
			"license": "MIT",
			"optional": true,
			"dependencies": {
				"@serialport/parser-delimiter": "11.0.0"
			},
			"engines": {
				"node": ">=12.0.0"
			},
			"funding": {
				"url": "https://opencollective.com/serialport/donate"
			}
		},
		"node_modules/@serialport/bindings-interface": {
			"version": "1.2.2",
			"resolved": "https://registry.npmjs.org/@serialport/bindings-interface/-/bindings-interface-1.2.2.tgz",
			"integrity": "sha512-CJaUd5bLvtM9c5dmO9rPBHPXTa9R2UwpkJ0wdh9JCYcbrPWsKz+ErvR0hBLeo7NPeiFdjFO4sonRljiw4d2XiA==",
			"license": "MIT",
			"optional": true,
			"engines": {
				"node": "^12.22 || ^14.13 || >=16"
			}
		},
		"node_modules/@serialport/parser-byte-length": {
			"version": "12.0.0",
			"resolved": "https://registry.npmjs.org/@serialport/parser-byte-length/-/parser-byte-length-12.0.0.tgz",
			"integrity": "sha512-0ei0txFAj+s6FTiCJFBJ1T2hpKkX8Md0Pu6dqMrYoirjPskDLJRgZGLqoy3/lnU1bkvHpnJO+9oJ3PB9v8rNlg==",
			"license": "MIT",
			"optional": true,
			"engines": {
				"node": ">=12.0.0"
			},
			"funding": {
				"url": "https://opencollective.com/serialport/donate"
			}
		},
		"node_modules/@serialport/parser-cctalk": {
			"version": "12.0.0",
			"resolved": "https://registry.npmjs.org/@serialport/parser-cctalk/-/parser-cctalk-12.0.0.tgz",
			"integrity": "sha512-0PfLzO9t2X5ufKuBO34DQKLXrCCqS9xz2D0pfuaLNeTkyGUBv426zxoMf3rsMRodDOZNbFblu3Ae84MOQXjnZw==",
			"license": "MIT",
			"optional": true,
			"engines": {
				"node": ">=12.0.0"
			},
			"funding": {
				"url": "https://opencollective.com/serialport/donate"
			}
		},
		"node_modules/@serialport/parser-delimiter": {
			"version": "12.0.0",
			"resolved": "https://registry.npmjs.org/@serialport/parser-delimiter/-/parser-delimiter-12.0.0.tgz",
			"integrity": "sha512-gu26tVt5lQoybhorLTPsH2j2LnX3AOP2x/34+DUSTNaUTzu2fBXw+isVjQJpUBFWu6aeQRZw5bJol5X9Gxjblw==",
			"license": "MIT",
			"optional": true,
			"engines": {
				"node": ">=12.0.0"
			},
			"funding": {
				"url": "https://opencollective.com/serialport/donate"
			}
		},
		"node_modules/@serialport/parser-inter-byte-timeout": {
			"version": "12.0.0",
			"resolved": "https://registry.npmjs.org/@serialport/parser-inter-byte-timeout/-/parser-inter-byte-timeout-12.0.0.tgz",
			"integrity": "sha512-GnCh8K0NAESfhCuXAt+FfBRz1Cf9CzIgXfp7SdMgXwrtuUnCC/yuRTUFWRvuzhYKoAo1TL0hhUo77SFHUH1T/w==",
			"license": "MIT",
			"optional": true,
			"engines": {
				"node": ">=12.0.0"
			},
			"funding": {
				"url": "https://opencollective.com/serialport/donate"
			}
		},
		"node_modules/@serialport/parser-packet-length": {
			"version": "12.0.0",
			"resolved": "https://registry.npmjs.org/@serialport/parser-packet-length/-/parser-packet-length-12.0.0.tgz",
			"integrity": "sha512-p1hiCRqvGHHLCN/8ZiPUY/G0zrxd7gtZs251n+cfNTn+87rwcdUeu9Dps3Aadx30/sOGGFL6brIRGK4l/t7MuQ==",
			"license": "MIT",
			"optional": true,
			"engines": {
				"node": ">=8.6.0"
			}
		},
		"node_modules/@serialport/parser-readline": {
			"version": "12.0.0",
			"resolved": "https://registry.npmjs.org/@serialport/parser-readline/-/parser-readline-12.0.0.tgz",
			"integrity": "sha512-O7cywCWC8PiOMvo/gglEBfAkLjp/SENEML46BXDykfKP5mTPM46XMaX1L0waWU6DXJpBgjaL7+yX6VriVPbN4w==",
			"license": "MIT",
			"optional": true,
			"dependencies": {
				"@serialport/parser-delimiter": "12.0.0"
			},
			"engines": {
				"node": ">=12.0.0"
			},
			"funding": {
				"url": "https://opencollective.com/serialport/donate"
			}
		},
		"node_modules/@serialport/parser-ready": {
			"version": "12.0.0",
			"resolved": "https://registry.npmjs.org/@serialport/parser-ready/-/parser-ready-12.0.0.tgz",
			"integrity": "sha512-ygDwj3O4SDpZlbrRUraoXIoIqb8sM7aMKryGjYTIF0JRnKeB1ys8+wIp0RFMdFbO62YriUDextHB5Um5cKFSWg==",
			"license": "MIT",
			"optional": true,
			"engines": {
				"node": ">=12.0.0"
			},
			"funding": {
				"url": "https://opencollective.com/serialport/donate"
			}
		},
		"node_modules/@serialport/parser-regex": {
			"version": "12.0.0",
			"resolved": "https://registry.npmjs.org/@serialport/parser-regex/-/parser-regex-12.0.0.tgz",
			"integrity": "sha512-dCAVh4P/pZrLcPv9NJ2mvPRBg64L5jXuiRxIlyxxdZGH4WubwXVXY/kBTihQmiAMPxbT3yshSX8f2+feqWsxqA==",
			"license": "MIT",
			"optional": true,
			"engines": {
				"node": ">=12.0.0"
			},
			"funding": {
				"url": "https://opencollective.com/serialport/donate"
			}
		},
		"node_modules/@serialport/parser-slip-encoder": {
			"version": "12.0.0",
			"resolved": "https://registry.npmjs.org/@serialport/parser-slip-encoder/-/parser-slip-encoder-12.0.0.tgz",
			"integrity": "sha512-0APxDGR9YvJXTRfY+uRGhzOhTpU5akSH183RUcwzN7QXh8/1jwFsFLCu0grmAUfi+fItCkR+Xr1TcNJLR13VNA==",
			"license": "MIT",
			"optional": true,
			"engines": {
				"node": ">=12.0.0"
			},
			"funding": {
				"url": "https://opencollective.com/serialport/donate"
			}
		},
		"node_modules/@serialport/parser-spacepacket": {
			"version": "12.0.0",
			"resolved": "https://registry.npmjs.org/@serialport/parser-spacepacket/-/parser-spacepacket-12.0.0.tgz",
			"integrity": "sha512-dozONxhPC/78pntuxpz/NOtVps8qIc/UZzdc/LuPvVsqCoJXiRxOg6ZtCP/W58iibJDKPZPAWPGYeZt9DJxI+Q==",
			"license": "MIT",
			"optional": true,
			"engines": {
				"node": ">=12.0.0"
			},
			"funding": {
				"url": "https://opencollective.com/serialport/donate"
			}
		},
		"node_modules/@serialport/stream": {
			"version": "12.0.0",
			"resolved": "https://registry.npmjs.org/@serialport/stream/-/stream-12.0.0.tgz",
			"integrity": "sha512-9On64rhzuqKdOQyiYLYv2lQOh3TZU/D3+IWCR5gk0alPel2nwpp4YwDEGiUBfrQZEdQ6xww0PWkzqth4wqwX3Q==",
			"license": "MIT",
			"optional": true,
			"dependencies": {
				"@serialport/bindings-interface": "1.2.2",
				"debug": "4.3.4"
			},
			"engines": {
				"node": ">=12.0.0"
			},
			"funding": {
				"url": "https://opencollective.com/serialport/donate"
			}
		},
		"node_modules/@types/assert": {
			"version": "1.5.6",
			"resolved": "https://registry.npmjs.org/@types/assert/-/assert-1.5.6.tgz",
			"integrity": "sha512-Y7gDJiIqb9qKUHfBQYOWGngUpLORtirAVPuj/CWJrU2C6ZM4/y3XLwuwfGMF8s7QzW746LQZx23m0+1FSgjfug==",
			"dev": true
		},
		"node_modules/@types/ip": {
			"version": "1.1.0",
			"resolved": "https://registry.npmjs.org/@types/ip/-/ip-1.1.0.tgz",
			"integrity": "sha512-dwNe8gOoF70VdL6WJBwVHtQmAX4RMd62M+mAB9HQFjG1/qiCLM/meRy95Pd14FYBbEDwCq7jgJs89cHpLBu4HQ==",
			"dev": true,
			"dependencies": {
				"@types/node": "*"
			}
		},
		"node_modules/@types/node": {
			"version": "18.15.11",
			"resolved": "https://registry.npmjs.org/@types/node/-/node-18.15.11.tgz",
			"integrity": "sha512-E5Kwq2n4SbMzQOn6wnmBjuK9ouqlURrcZDVfbo9ftDDTFt3nk7ZKK4GMOzoYgnpQJKcxwQw+lGaBvvlMo0qN/Q==",
			"dev": true
		},
		"node_modules/@types/uuid": {
			"version": "9.0.1",
			"resolved": "https://registry.npmjs.org/@types/uuid/-/uuid-9.0.1.tgz",
			"integrity": "sha512-rFT3ak0/2trgvp4yYZo5iKFEPsET7vKydKF+VRCxlQ9bpheehyAJH89dAkaLEq/j/RZXJIqcgsmPJKUP1Z28HA=="
		},
		"node_modules/ansi-sequence-parser": {
			"version": "1.1.0",
			"resolved": "https://registry.npmjs.org/ansi-sequence-parser/-/ansi-sequence-parser-1.1.0.tgz",
			"integrity": "sha512-lEm8mt52to2fT8GhciPCGeCXACSz2UwIN4X2e2LJSnZ5uAbn2/dsYdOmUXq0AtWS5cpAupysIneExOgH0Vd2TQ==",
			"dev": true
		},
		"node_modules/ansi-styles": {
			"version": "4.3.0",
			"resolved": "https://registry.npmjs.org/ansi-styles/-/ansi-styles-4.3.0.tgz",
			"integrity": "sha512-zbB9rCJAT1rbjiVDb2hqKFHNYLxgtk8NURxZ3IZwD3F6NtxbXZQCnnSi1Lkx+IDohdPlFp222wVALIheZJQSEg==",
			"dependencies": {
				"color-convert": "^2.0.1"
			},
			"engines": {
				"node": ">=8"
			},
			"funding": {
				"url": "https://github.com/chalk/ansi-styles?sponsor=1"
			}
		},
		"node_modules/balanced-match": {
			"version": "1.0.2",
			"resolved": "https://registry.npmjs.org/balanced-match/-/balanced-match-1.0.2.tgz",
			"integrity": "sha512-3oSeUO0TMV67hN1AmbXsK4yaqU7tjiHlbxRDZOpH0KW9+CeX4bRAaX0Anxt0tx2MrpRpWwQaPwIlISEJhYU5Pw==",
			"dev": true
		},
		"node_modules/brace-expansion": {
			"version": "2.0.1",
			"resolved": "https://registry.npmjs.org/brace-expansion/-/brace-expansion-2.0.1.tgz",
			"integrity": "sha512-XnAIvQ8eM+kC6aULx6wuQiwVsnzsi9d3WxzV3FpWTGA19F621kwdbsAcFKXgKUHZWsy+mY6iL1sHTxWEFCytDA==",
			"dev": true,
			"dependencies": {
				"balanced-match": "^1.0.0"
			}
		},
		"node_modules/chalk": {
			"version": "4.1.2",
			"resolved": "https://registry.npmjs.org/chalk/-/chalk-4.1.2.tgz",
			"integrity": "sha512-oKnbhFyRIXpUuez8iBMmyEa4nbj4IOQyuhc/wy9kY7/WVPcwIO9VA668Pu8RkO7+0G76SLROeyw9CpQ061i4mA==",
			"dependencies": {
				"ansi-styles": "^4.1.0",
				"supports-color": "^7.1.0"
			},
			"engines": {
				"node": ">=10"
			},
			"funding": {
				"url": "https://github.com/chalk/chalk?sponsor=1"
			}
		},
		"node_modules/color-convert": {
			"version": "2.0.1",
			"resolved": "https://registry.npmjs.org/color-convert/-/color-convert-2.0.1.tgz",
			"integrity": "sha512-RRECPsj7iu/xb5oKYcsFHSppFNnsj/52OVTRKb4zP5onXwVF3zVmmToNcOfGC+CRDpfK/U584fMg38ZHCaElKQ==",
			"dependencies": {
				"color-name": "~1.1.4"
			},
			"engines": {
				"node": ">=7.0.0"
			}
		},
		"node_modules/color-name": {
			"version": "1.1.4",
			"resolved": "https://registry.npmjs.org/color-name/-/color-name-1.1.4.tgz",
			"integrity": "sha512-dOy+3AuW3a2wNbZHIuMZpTcgjGuLU/uBL/ubcZF9OXbDo8ff4O8yVp5Bf0efS8uEoYo5q4Fx7dY9OgQGXgAsQA=="
		},
		"node_modules/console-stamp": {
			"version": "3.1.1",
			"resolved": "https://registry.npmjs.org/console-stamp/-/console-stamp-3.1.1.tgz",
			"integrity": "sha512-NTbqQ9X57xffQKTJbAm4h/ro7JNR2uD3369NeTjmRdfPJ2QmkmCUnMvC1QSxZPQOof3WPrkuA6DQV5+n35ZiIA==",
			"dependencies": {
				"chalk": "^4.1.2",
				"dateformat": "^4.6.3"
			},
			"engines": {
				"node": ">=12"
			}
		},
		"node_modules/dateformat": {
			"version": "4.6.3",
			"resolved": "https://registry.npmjs.org/dateformat/-/dateformat-4.6.3.tgz",
			"integrity": "sha512-2P0p0pFGzHS5EMnhdxQi7aJN+iMheud0UhG4dlE1DLAlvL8JHjJJTX/CSm4JXwV0Ka5nGk3zC5mcb5bUQUxxMA==",
			"engines": {
				"node": "*"
			}
		},
		"node_modules/debug": {
			"version": "4.3.4",
			"resolved": "https://registry.npmjs.org/debug/-/debug-4.3.4.tgz",
			"integrity": "sha512-PRWFHuSU3eDtQJPvnNY7Jcket1j0t5OuOsFzPPzsekD52Zl8qUfFIPEiswXqIvHWGVHOgX+7G/vCNNhehwxfkQ==",
			"license": "MIT",
			"optional": true,
			"dependencies": {
				"ms": "2.1.2"
			},
			"engines": {
				"node": ">=6.0"
			},
			"peerDependenciesMeta": {
				"supports-color": {
					"optional": true
				}
			}
		},
		"node_modules/has-flag": {
			"version": "4.0.0",
			"resolved": "https://registry.npmjs.org/has-flag/-/has-flag-4.0.0.tgz",
			"integrity": "sha512-EykJT/Q1KjTWctppgIAgfSO0tKVuZUjhgMr17kqTumMl6Afv3EISleU7qZUzoXDFTAHTDC4NOoG/ZxU3EvlMPQ==",
			"engines": {
				"node": ">=8"
			}
		},
		"node_modules/ip": {
			"version": "1.1.8",
			"resolved": "https://registry.npmjs.org/ip/-/ip-1.1.8.tgz",
			"integrity": "sha512-PuExPYUiu6qMBQb4l06ecm6T6ujzhmh+MeJcW9wa89PoAz5pvd4zPgN5WJV104mb6S2T1AwNIAaB70JNrLQWhg=="
		},
		"node_modules/jsonc-parser": {
			"version": "3.2.0",
			"resolved": "https://registry.npmjs.org/jsonc-parser/-/jsonc-parser-3.2.0.tgz",
			"integrity": "sha512-gfFQZrcTc8CnKXp6Y4/CBT3fTc0OVuDofpre4aEeEpSBPV5X5v4+Vmx+8snU7RLPrNHPKSgLxGo9YuQzz20o+w==",
			"dev": true
		},
		"node_modules/long": {
			"version": "4.0.0",
			"resolved": "https://registry.npmjs.org/long/-/long-4.0.0.tgz",
			"integrity": "sha512-XsP+KhQif4bjX1kbuSiySJFNAehNxgLb6hPRGJ9QsUr8ajHkuXGdrHmFUTUUXhDwVX2R5bY4JNZEwbUiMhV+MA==",
			"license": "Apache-2.0"
		},
		"node_modules/lunr": {
			"version": "2.3.9",
			"resolved": "https://registry.npmjs.org/lunr/-/lunr-2.3.9.tgz",
			"integrity": "sha512-zTU3DaZaF3Rt9rhN3uBMGQD3dD2/vFQqnvZCDv4dl5iOzq2IZQqTxu90r4E5J+nP70J3ilqVCrbho2eWaeW8Ow==",
			"dev": true
		},
		"node_modules/marked": {
			"version": "4.3.0",
			"resolved": "https://registry.npmjs.org/marked/-/marked-4.3.0.tgz",
			"integrity": "sha512-PRsaiG84bK+AMvxziE/lCFss8juXjNaWzVbN5tXAm4XjeaS9NAHhop+PjQxz2A9h8Q4M/xGmzP8vqNwy6JeK0A==",
			"dev": true,
			"bin": {
				"marked": "bin/marked.js"
			},
			"engines": {
				"node": ">= 12"
			}
		},
		"node_modules/minimatch": {
			"version": "7.4.5",
			"resolved": "https://registry.npmjs.org/minimatch/-/minimatch-7.4.5.tgz",
			"integrity": "sha512-OzOamaOmNBJZUv2qqY1OSWa+++4YPpOkLgkc0w30Oov5ufKlWWXnFUl0l4dgmSv5Shq/zRVkEOXAe2NaqO4l5Q==",
			"dev": true,
			"dependencies": {
				"brace-expansion": "^2.0.1"
			},
			"engines": {
				"node": ">=10"
			},
			"funding": {
				"url": "https://github.com/sponsors/isaacs"
			}
		},
		"node_modules/minimist": {
			"version": "1.2.8",
			"resolved": "https://registry.npmjs.org/minimist/-/minimist-1.2.8.tgz",
			"integrity": "sha512-2yyAR8qBkN3YuheJanUpWC5U3bb5osDywNB8RzDVlDwDHbocAJveqqj1u8+SVD7jkWT4yvsHCpWqqWqAxb0zCA==",
			"funding": {
				"url": "https://github.com/sponsors/ljharb"
			}
		},
		"node_modules/ms": {
			"version": "2.1.2",
			"resolved": "https://registry.npmjs.org/ms/-/ms-2.1.2.tgz",
			"integrity": "sha512-sGkPx+VjMtmA6MX27oA4FBFELFCZZ4S4XqeGOXCv68tT+jb3vk/RyaKWP0PTKyWtmLSM0b+adUTEvbs1PEaH2w==",
			"license": "MIT",
			"optional": true
		},
		"node_modules/node-addon-api": {
			"version": "7.0.0",
			"resolved": "https://registry.npmjs.org/node-addon-api/-/node-addon-api-7.0.0.tgz",
			"integrity": "sha512-vgbBJTS4m5/KkE16t5Ly0WW9hz46swAstv0hYYwMtbG7AznRhNyfLRe8HZAiWIpcHzoO7HxhLuBQj9rJ/Ho0ZA==",
			"license": "MIT",
			"optional": true
		},
		"node_modules/node-gyp-build": {
			"version": "4.6.0",
			"resolved": "https://registry.npmjs.org/node-gyp-build/-/node-gyp-build-4.6.0.tgz",
			"integrity": "sha512-NTZVKn9IylLwUzaKjkas1e4u2DLNcV4rdYagA4PWdPwW87Bi7z+BznyKSRwS/761tV/lzCGXplWsiaMjLqP2zQ==",
			"license": "MIT",
			"optional": true,
			"bin": {
				"node-gyp-build": "bin.js",
				"node-gyp-build-optional": "optional.js",
				"node-gyp-build-test": "build-test.js"
			}
		},
		"node_modules/osc": {
			"version": "2.4.5",
			"resolved": "https://registry.npmjs.org/osc/-/osc-2.4.5.tgz",
			"integrity": "sha512-Nc4/qcl+vA/CMxiKS1xrYgzjfnyB3W94gZnrkn3eTzihlndbEml6+wj1YQNKBI4r+qrw3obCcEoU7SVH/OxpxA==",
			"license": "(MIT OR GPL-2.0)",
			"dependencies": {
				"long": "4.0.0",
				"slip": "1.0.2",
				"wolfy87-eventemitter": "5.2.9",
				"ws": "8.18.0"
			},
			"optionalDependencies": {
				"serialport": "12.0.0"
			}
		},
		"node_modules/prettier": {
			"version": "2.8.7",
			"resolved": "https://registry.npmjs.org/prettier/-/prettier-2.8.7.tgz",
			"integrity": "sha512-yPngTo3aXUUmyuTjeTUT75txrf+aMh9FiD7q9ZE/i6r0bPb22g4FsE6Y338PQX1bmfy08i9QQCB7/rcUAVntfw==",
			"dev": true,
			"bin": {
				"prettier": "bin-prettier.js"
			},
			"engines": {
				"node": ">=10.13.0"
			},
			"funding": {
				"url": "https://github.com/prettier/prettier?sponsor=1"
			}
		},
		"node_modules/serialport": {
			"version": "12.0.0",
			"resolved": "https://registry.npmjs.org/serialport/-/serialport-12.0.0.tgz",
			"integrity": "sha512-AmH3D9hHPFmnF/oq/rvigfiAouAKyK/TjnrkwZRYSFZxNggJxwvbAbfYrLeuvq7ktUdhuHdVdSjj852Z55R+uA==",
			"license": "MIT",
			"optional": true,
			"dependencies": {
				"@serialport/binding-mock": "10.2.2",
				"@serialport/bindings-cpp": "12.0.1",
				"@serialport/parser-byte-length": "12.0.0",
				"@serialport/parser-cctalk": "12.0.0",
				"@serialport/parser-delimiter": "12.0.0",
				"@serialport/parser-inter-byte-timeout": "12.0.0",
				"@serialport/parser-packet-length": "12.0.0",
				"@serialport/parser-readline": "12.0.0",
				"@serialport/parser-ready": "12.0.0",
				"@serialport/parser-regex": "12.0.0",
				"@serialport/parser-slip-encoder": "12.0.0",
				"@serialport/parser-spacepacket": "12.0.0",
				"@serialport/stream": "12.0.0",
				"debug": "4.3.4"
			},
			"engines": {
				"node": ">=16.0.0"
			},
			"funding": {
				"url": "https://opencollective.com/serialport/donate"
			}
		},
		"node_modules/shiki": {
			"version": "0.14.1",
			"resolved": "https://registry.npmjs.org/shiki/-/shiki-0.14.1.tgz",
			"integrity": "sha512-+Jz4nBkCBe0mEDqo1eKRcCdjRtrCjozmcbTUjbPTX7OOJfEbTZzlUWlZtGe3Gb5oV1/jnojhG//YZc3rs9zSEw==",
			"dev": true,
			"dependencies": {
				"ansi-sequence-parser": "^1.1.0",
				"jsonc-parser": "^3.2.0",
				"vscode-oniguruma": "^1.7.0",
				"vscode-textmate": "^8.0.0"
			}
		},
		"node_modules/slip": {
			"version": "1.0.2",
			"resolved": "https://registry.npmjs.org/slip/-/slip-1.0.2.tgz",
			"integrity": "sha512-XrcHe3NAcyD3wO+O4I13RcS4/3AF+S9RvGNj9JhJeS02HyImwD2E3QWLrmn9hBfL+fB6yapagwxRkeyYzhk98g==",
			"license": "(MIT OR GPL-2.0)"
		},
		"node_modules/supports-color": {
			"version": "7.2.0",
			"resolved": "https://registry.npmjs.org/supports-color/-/supports-color-7.2.0.tgz",
			"integrity": "sha512-qpCAvRl9stuOHveKsn7HncJRvv501qIacKzQlO/+Lwxc9+0q2wLyv4Dfvt80/DPn2pqOBsJdDiogXGR9+OvwRw==",
			"dependencies": {
				"has-flag": "^4.0.0"
			},
			"engines": {
				"node": ">=8"
			}
		},
		"node_modules/typedoc": {
			"version": "0.23.28",
			"resolved": "https://registry.npmjs.org/typedoc/-/typedoc-0.23.28.tgz",
			"integrity": "sha512-9x1+hZWTHEQcGoP7qFmlo4unUoVJLB0H/8vfO/7wqTnZxg4kPuji9y3uRzEu0ZKez63OJAUmiGhUrtukC6Uj3w==",
			"dev": true,
			"dependencies": {
				"lunr": "^2.3.9",
				"marked": "^4.2.12",
				"minimatch": "^7.1.3",
				"shiki": "^0.14.1"
			},
			"bin": {
				"typedoc": "bin/typedoc"
			},
			"engines": {
				"node": ">= 14.14"
			},
			"peerDependencies": {
				"typescript": "4.6.x || 4.7.x || 4.8.x || 4.9.x || 5.0.x"
			}
		},
		"node_modules/typescript": {
			"version": "5.0.3",
			"resolved": "https://registry.npmjs.org/typescript/-/typescript-5.0.3.tgz",
			"integrity": "sha512-xv8mOEDnigb/tN9PSMTwSEqAnUvkoXMQlicOb0IUVDBSQCgBSaAAROUZYy2IcUy5qU6XajK5jjjO7TMWqBTKZA==",
			"dev": true,
			"bin": {
				"tsc": "bin/tsc",
				"tsserver": "bin/tsserver"
			},
			"engines": {
				"node": ">=12.20"
			}
		},
		"node_modules/vscode-oniguruma": {
			"version": "1.7.0",
			"resolved": "https://registry.npmjs.org/vscode-oniguruma/-/vscode-oniguruma-1.7.0.tgz",
			"integrity": "sha512-L9WMGRfrjOhgHSdOYgCt/yRMsXzLDJSL7BPrOZt73gU0iWO4mpqzqQzOz5srxqTvMBaR0XZTSrVWo4j55Rc6cA==",
			"dev": true
		},
		"node_modules/vscode-textmate": {
			"version": "8.0.0",
			"resolved": "https://registry.npmjs.org/vscode-textmate/-/vscode-textmate-8.0.0.tgz",
			"integrity": "sha512-AFbieoL7a5LMqcnOF04ji+rpXadgOXnZsxQr//r83kLPr7biP7am3g9zbaZIaBGwBRWeSvoMD4mgPdX3e4NWBg==",
			"dev": true
		},
		"node_modules/wolfy87-eventemitter": {
			"version": "5.2.9",
			"resolved": "https://registry.npmjs.org/wolfy87-eventemitter/-/wolfy87-eventemitter-5.2.9.tgz",
			"integrity": "sha512-P+6vtWyuDw+MB01X7UeF8TaHBvbCovf4HPEMF/SV7BdDc1SMTiBy13SRD71lQh4ExFTG1d/WNzDGDCyOKSMblw==",
			"license": "Unlicense"
		},
		"node_modules/ws": {
			"version": "8.18.0",
			"resolved": "https://registry.npmjs.org/ws/-/ws-8.18.0.tgz",
			"integrity": "sha512-8VbfWfHLbbwu3+N6OKsOMpBdT4kXPDDB9cJk2bJ6mh9ucxdlnNvH1e+roYkKmN9Nxw2yjz7VzeO9oOz2zJ04Pw==",
			"license": "MIT",
			"engines": {
				"node": ">=10.0.0"
			},
			"peerDependencies": {
				"bufferutil": "^4.0.1",
				"utf-8-validate": ">=5.0.2"
			},
			"peerDependenciesMeta": {
				"bufferutil": {
					"optional": true
				},
				"utf-8-validate": {
					"optional": true
				}
			}
		}
	}
}
